NeoBundleLock ctrlp.vim bde7a2950adaa82e894d7bdf69e3e7383e40d229
NeoBundleLock neobundle.vim 26d03781886ed887e390d4ad8b935987754b1c2c
NeoBundleLock neosnippet-snippets 8dbb78599984140c50418d3dd23d0de4c8f13e74
NeoBundleLock neosnippet.vim 9ee1b4e059d4ffcc02312da13ee36315dacbffe4
NeoBundleLock twig.vim b6eaf71824be7637802b74c1e04fd635f5cecd47
NeoBundleLock vim-colorschemes eab315701f4627967fd62582eefc4e37a3745786
NeoBundleLock vimshell 3787e52766812d8b99a93ccdda57517bc2a0bab6
NeoBundleLock vimtex 321adc64da2163727a41365a9e2f324514d0355b
