NeoBundleLock ctrlp.vim 1baa289a06dab659eae593910ef05c7d209526be
NeoBundleLock neobundle.vim c6fa48cd665071b7a4dbf5ab53f48cd5884716ee
NeoBundleLock neosnippet-snippets 2a9487bacb924d8e870612b6b0a2afb34deea0ae
NeoBundleLock neosnippet.vim 9996520d6bf1aaee21f66b5eb561c9f0b306216c
NeoBundleLock twig.vim b6eaf71824be7637802b74c1e04fd635f5cecd47
NeoBundleLock vim-colorschemes b8dff40f69f1873effbed97c759a8452ecb240ed
NeoBundleLock vimshell 3787e52766812d8b99a93ccdda57517bc2a0bab6
NeoBundleLock vimtex 918fd8123b81c83d0e8e0ba3c2dc8c9d8df06756
